
Microsoft Visual Studio Solution File, Format Version 12.00
# Visual Studio 14
VisualStudioVersion = 14.0.23107.0
MinimumVisualStudioVersion = 10.0.40219.1
Project("{E24C65DC-7377-472B-9ABA-BC803B73C61A}") = "deepbluekitOriginal", "..\..\..\..\Downloads\deepbluekitOriginal\", "{719D7E32-4414-4A57-B33A-9906ADA0E670}"
	ProjectSection(WebsiteProperties) = preProject
		TargetFrameworkMoniker = ".NETFramework,Version%3Dv4.0"
		Debug.AspNetCompiler.VirtualPath = "/localhost_6157"
		Debug.AspNetCompiler.PhysicalPath = "..\..\..\..\Downloads\deepbluekitOriginal\"
		Debug.AspNetCompiler.TargetPath = "PrecompiledWeb\localhost_6157\"
		Debug.AspNetCompiler.Updateable = "true"
		Debug.AspNetCompiler.ForceOverwrite = "true"
		Debug.AspNetCompiler.FixedNames = "false"
		Debug.AspNetCompiler.Debug = "True"
		Release.AspNetCompiler.VirtualPath = "/localhost_6157"
		Release.AspNetCompiler.PhysicalPath = "..\..\..\..\Downloads\deepbluekitOriginal\"
		Release.AspNetCompiler.TargetPath = "PrecompiledWeb\localhost_6157\"
		Release.AspNetCompiler.Updateable = "true"
		Release.AspNetCompiler.ForceOverwrite = "true"
		Release.AspNetCompiler.FixedNames = "false"
		Release.AspNetCompiler.Debug = "False"
		VWDPort = "6157"
		SlnRelativePath = "..\..\..\..\Downloads\deepbluekitOriginal\"
	EndProjectSection
EndProject
Global
	GlobalSection(SolutionConfigurationPlatforms) = preSolution
		Debug|Any CPU = Debug|Any CPU
	EndGlobalSection
	GlobalSection(ProjectConfigurationPlatforms) = postSolution
		{719D7E32-4414-4A57-B33A-9906ADA0E670}.Debug|Any CPU.ActiveCfg = Debug|Any CPU
		{719D7E32-4414-4A57-B33A-9906ADA0E670}.Debug|Any CPU.Build.0 = Debug|Any CPU
	EndGlobalSection
	GlobalSection(SolutionProperties) = preSolution
		HideSolutionNode = FALSE
	EndGlobalSection
EndGlobal
