{
  "requires": true,
  "lockfileVersion": 1,
  "dependencies": {
    "@angular/core": {
      "version": "5.2.4",
      "resolved": "https://registry.npmjs.org/@angular/core/-/core-5.2.4.tgz",
      "integrity": "sha512-GPnxUf7g8Mz0AUttKKcqaw0m2xZujwwzojkg3xUIvHrNFFF5/HH5549PfnE1jD7qkmnDFx5j3IPuNkwYHW6XvA==",
      "requires": {
        "tslib": "1.9.0"
      }
    },
    "@ionic-native/core": {
      "version": "4.2.0",
      "resolved": "https://registry.npmjs.org/@ionic-native/core/-/core-4.2.0.tgz",
      "integrity": "sha512-OCMiqiUA0SvAYo/H3hPVZLbQApuTbpuPEkqDjn0kq3rYJXocSYHdNhP3cFnaOtB7/Pi7j9CIHXPHgi7kKKUHNA=="
    },
    "@ionic-native/geolocation": {
      "version": "4.5.3",
      "resolved": "https://registry.npmjs.org/@ionic-native/geolocation/-/geolocation-4.5.3.tgz",
      "integrity": "sha512-6UhCxSjfTaQ7VUxUXTlHEHA9Yr/FT4OY8xpNYAtTf0vSXe27VU7FEAxcALv1Z+jFsSatRl8m/E4n/Z54XJO4fw=="
    },
    "rxjs": {
      "version": "5.5.0",
      "resolved": "https://registry.npmjs.org/rxjs/-/rxjs-5.5.0.tgz",
      "integrity": "sha512-vmvP5y/oJIJmXKHY36PIjVeI/46Sny6BMBa7/ou2zsNz1PiqU/Gtcz1GujnHz5Qlxncv+J9VlWmttnshqFj3Kg==",
      "requires": {
        "symbol-observable": "1.2.0"
      }
    },
    "symbol-observable": {
      "version": "1.2.0",
      "resolved": "https://registry.npmjs.org/symbol-observable/-/symbol-observable-1.2.0.tgz",
      "integrity": "sha512-e900nM8RRtGhlV36KGEU9k65K3mPb1WV70OdjfxlG2EAuM1noi/E/BaW/uMhL7bPEssK8QV57vN3esixjUvcXQ=="
    },
    "tslib": {
      "version": "1.9.0",
      "resolved": "https://registry.npmjs.org/tslib/-/tslib-1.9.0.tgz",
      "integrity": "sha512-f/qGG2tUkrISBlQZEjEqoZ3B2+npJjIf04H1wuAv9iA8i04Icp+61KRXxFdha22670NJopsZCIjhC3SnjPRKrQ=="
    },
    "zone.js": {
      "version": "0.8.4",
      "resolved": "https://registry.npmjs.org/zone.js/-/zone.js-0.8.4.tgz",
      "integrity": "sha1-zECuWhyHlgHF67oglrXIDwxMNgI="
    }
  }
}
